// !$*UTF8*$!
{
	archiveVersion = 1;
	classes = {
	};
	objectVersion = 56;
	objects = {

/* Begin PBXBuildFile section */
		AAE4FCCB2B97FACE000D7C9E /* WebViewTestApp.swift in Sources */ = {isa = PBXBuildFile; fileRef = AAE4FCCA2B97FACE000D7C9E /* WebViewTestApp.swift */; };
		AAE4FCCD2B97FACE000D7C9E /* ContentView.swift in Sources */ = {isa = PBXBuildFile; fileRef = AAE4FCCC2B97FACE000D7C9E /* ContentView.swift */; };
		AAE4FCCF2B97FAD2000D7C9E /* Assets.xcassets in Resources */ = {isa = PBXBuildFile; fileRef = AAE4FCCE2B97FAD2000D7C9E /* Assets.xcassets */; };
		AAE4FCD22B97FAD2000D7C9E /* Preview Assets.xcassets in Resources */ = {isa = PBXBuildFile; fileRef = AAE4FCD12B97FAD2000D7C9E /* Preview Assets.xcassets */; };
		AAE4FCDC2B97FAD4000D7C9E /* WebViewTestTests.swift in Sources */ = {isa = PBXBuildFile; fileRef = AAE4FCDB2B97FAD4000D7C9E /* WebViewTestTests.swift */; };
		AAE4FCE62B97FAD4000D7C9E /* WebViewTestUITests.swift in Sources */ = {isa = PBXBuildFile; fileRef = AAE4FCE52B97FAD4000D7C9E /* WebViewTestUITests.swift */; };
		AAE4FCE82B97FAD4000D7C9E /* WebViewTestUITestsLaunchTests.swift in Sources */ = {isa = PBXBuildFile; fileRef = AAE4FCE72B97FAD4000D7C9E /* WebViewTestUITestsLaunchTests.swift */; };
		AAE4FCF92B9816A1000D7C9E /* WebView.swift in Sources */ = {isa = PBXBuildFile; fileRef = AAE4FCF82B9816A1000D7C9E /* WebView.swift */; };
/* End PBXBuildFile section */

/* Begin PBXContainerItemProxy section */
		AAE4FCD82B97FAD4000D7C9E /* PBXContainerItemProxy */ = {
			isa = PBXContainerItemProxy;
			containerPortal = AAE4FCBF2B97FACE000D7C9E /* Project object */;
			proxyType = 1;
			remoteGlobalIDString = AAE4FCC62B97FACE000D7C9E;
			remoteInfo = WebViewTest;
		};
		AAE4FCE22B97FAD4000D7C9E /* PBXContainerItemProxy */ = {
			isa = PBXContainerItemProxy;
			containerPortal = AAE4FCBF2B97FACE000D7C9E /* Project object */;
			proxyType = 1;
			remoteGlobalIDString = AAE4FCC62B97FACE000D7C9E;
			remoteInfo = WebViewTest;
		};
/* End PBXContainerItemProxy section */

/* Begin PBXFileReference section */
		AA1772672B99E054005A3142 /* Info.plist */ = {isa = PBXFileReference; lastKnownFileType = text.plist.xml; path = Info.plist; sourceTree = "<group>"; };
		AAE4FCC72B97FACE000D7C9E /* WebViewTest.app */ = {isa = PBXFileReference; explicitFileType = wrapper.application; includeInIndex = 0; path = WebViewTest.app; sourceTree = BUILT_PRODUCTS_DIR; };
		AAE4FCCA2B97FACE000D7C9E /* WebViewTestApp.swift */ = {isa = PBXFileReference; lastKnownFileType = sourcecode.swift; path = WebViewTestApp.swift; sourceTree = "<group>"; };
		AAE4FCCC2B97FACE000D7C9E /* ContentView.swift */ = {isa = PBXFileReference; lastKnownFileType = sourcecode.swift; path = ContentView.swift; sourceTree = "<group>"; };
		AAE4FCCE2B97FAD2000D7C9E /* Assets.xcassets */ = {isa = PBXFileReference; lastKnownFileType = folder.assetcatalog; path = Assets.xcassets; sourceTree = "<group>"; };
		AAE4FCD12B97FAD2000D7C9E /* Preview Assets.xcassets */ = {isa = PBXFileReference; lastKnownFileType = folder.assetcatalog; path = "Preview Assets.xcassets"; sourceTree = "<group>"; };
		AAE4FCD72B97FAD4000D7C9E /* WebViewTestTests.xctest */ = {isa = PBXFileReference; explicitFileType = wrapper.cfbundle; includeInIndex = 0; path = WebViewTestTests.xctest; sourceTree = BUILT_PRODUCTS_DIR; };
		AAE4FCDB2B97FAD4000D7C9E /* WebViewTestTests.swift */ = {isa = PBXFileReference; lastKnownFileType = sourcecode.swift; path = WebViewTestTests.swift; sourceTree = "<group>"; };
		AAE4FCE12B97FAD4000D7C9E /* WebViewTestUITests.xctest */ = {isa = PBXFileReference; explicitFileType = wrapper.cfbundle; includeInIndex = 0; path = WebViewTestUITests.xctest; sourceTree = BUILT_PRODUCTS_DIR; };
		AAE4FCE52B97FAD4000D7C9E /* WebViewTestUITests.swift */ = {isa = PBXFileReference; lastKnownFileType = sourcecode.swift; path = WebViewTestUITests.swift; sourceTree = "<group>"; };
		AAE4FCE72B97FAD4000D7C9E /* WebViewTestUITestsLaunchTests.swift */ = {isa = PBXFileReference; lastKnownFileType = sourcecode.swift; path = WebViewTestUITestsLaunchTests.swift; sourceTree = "<group>"; };
		AAE4FCF82B9816A1000D7C9E /* WebView.swift */ = {isa = PBXFileReference; fileEncoding = 4; lastKnownFileType = sourcecode.swift; path = WebView.swift; sourceTree = "<group>"; };
/* End PBXFileReference section */

/* Begin PBXFrameworksBuildPhase section */
		AAE4FCC42B97FACE000D7C9E /* Frameworks */ = {
			isa = PBXFrameworksBuildPhase;
			buildActionMask = 2147483647;
			files = (
			);
			runOnlyForDeploymentPostprocessing = 0;
		};
		AAE4FCD42B97FAD4000D7C9E /* Frameworks */ = {
			isa = PBXFrameworksBuildPhase;
			buildActionMask = 2147483647;
			files = (
			);
			runOnlyForDeploymentPostprocessing = 0;
		};
		AAE4FCDE2B97FAD4000D7C9E /* Frameworks */ = {
			isa = PBXFrameworksBuildPhase;
			buildActionMask = 2147483647;
			files = (
			);
			runOnlyForDeploymentPostprocessing = 0;
		};
/* End PBXFrameworksBuildPhase section */

/* Begin PBXGroup section */
		AAE4FCBE2B97FACE000D7C9E = {
			isa = PBXGroup;
			children = (
				AAE4FCC92B97FACE000D7C9E /* WebViewTest */,
				AAE4FCDA2B97FAD4000D7C9E /* WebViewTestTests */,
				AAE4FCE42B97FAD4000D7C9E /* WebViewTestUITests */,
				AAE4FCC82B97FACE000D7C9E /* Products */,
			);
			sourceTree = "<group>";
		};
		AAE4FCC82B97FACE000D7C9E /* Products */ = {
			isa = PBXGroup;
			children = (
				AAE4FCC72B97FACE000D7C9E /* WebViewTest.app */,
				AAE4FCD72B97FAD4000D7C9E /* WebViewTestTests.xctest */,
				AAE4FCE12B97FAD4000D7C9E /* WebViewTestUITests.xctest */,
			);
			name = Products;
			sourceTree = "<group>";
		};
		AAE4FCC92B97FACE000D7C9E /* WebViewTest */ = {
			isa = PBXGroup;
			children = (
				AA1772672B99E054005A3142 /* Info.plist */,
				AAE4FCCA2B97FACE000D7C9E /* WebViewTestApp.swift */,
				AAE4FCCC2B97FACE000D7C9E /* ContentView.swift */,
				AAE4FCF82B9816A1000D7C9E /* WebView.swift */,
				AAE4FCCE2B97FAD2000D7C9E /* Assets.xcassets */,
				AAE4FCD02B97FAD2000D7C9E /* Preview Content */,
			);
			path = WebViewTest;
			sourceTree = "<group>";
		};
		AAE4FCD02B97FAD2000D7C9E /* Preview Content */ = {
			isa = PBXGroup;
			children = (
				AAE4FCD12B97FAD2000D7C9E /* Preview Assets.xcassets */,
			);
			path = "Preview Content";
			sourceTree = "<group>";
		};
		AAE4FCDA2B97FAD4000D7C9E /* WebViewTestTests */ = {
			isa = PBXGroup;
			children = (
				AAE4FCDB2B97FAD4000D7C9E /* WebViewTestTests.swift */,
			);
			path = WebViewTestTests;
			sourceTree = "<group>";
		};
		AAE4FCE42B97FAD4000D7C9E /* WebViewTestUITests */ = {
			isa = PBXGroup;
			children = (
				AAE4FCE52B97FAD4000D7C9E /* WebViewTestUITests.swift */,
				AAE4FCE72B97FAD4000D7C9E /* WebViewTestUITestsLaunchTests.swift */,
			);
			path = WebViewTestUITests;
			sourceTree = "<group>";
		};
/* End PBXGroup section */

/* Begin PBXNativeTarget section */
		AAE4FCC62B97FACE000D7C9E /* WebViewTest */ = {
			isa = PBXNativeTarget;
			buildConfigurationList = AAE4FCEB2B97FAD4000D7C9E /* Build configuration list for PBXNativeTarget "WebViewTest" */;
			buildPhases = (
				AAE4FCC32B97FACE000D7C9E /* Sources */,
				AAE4FCC42B97FACE000D7C9E /* Frameworks */,
				AAE4FCC52B97FACE000D7C9E /* Resources */,
			);
			buildRules = (
			);
			dependencies = (
			);
			name = WebViewTest;
			productName = WebViewTest;
			productReference = AAE4FCC72B97FACE000D7C9E /* WebViewTest.app */;
			productType = "com.apple.product-type.application";
		};
		AAE4FCD62B97FAD4000D7C9E /* WebViewTestTests */ = {
			isa = PBXNativeTarget;
			buildConfigurationList = AAE4FCEE2B97FAD4000D7C9E /* Build configuration list for PBXNativeTarget "WebViewTestTests" */;
			buildPhases = (
				AAE4FCD32B97FAD4000D7C9E /* Sources */,
				AAE4FCD42B97FAD4000D7C9E /* Frameworks */,
				AAE4FCD52B97FAD4000D7C9E /* Resources */,
			);
			buildRules = (
			);
			dependencies = (
				AAE4FCD92B97FAD4000D7C9E /* PBXTargetDependency */,
			);
			name = WebViewTestTests;
			productName = WebViewTestTests;
			productReference = AAE4FCD72B97FAD4000D7C9E /* WebViewTestTests.xctest */;
			productType = "com.apple.product-type.bundle.unit-test";
		};
		AAE4FCE02B97FAD4000D7C9E /* WebViewTestUITests */ = {
			isa = PBXNativeTarget;
			buildConfigurationList = AAE4FCF12B97FAD4000D7C9E /* Build configuration list for PBXNativeTarget "WebViewTestUITests" */;
			buildPhases = (
				AAE4FCDD2B97FAD4000D7C9E /* Sources */,
				AAE4FCDE2B97FAD4000D7C9E /* Frameworks */,
				AAE4FCDF2B97FAD4000D7C9E /* Resources */,
			);
			buildRules = (
			);
			dependencies = (
				AAE4FCE32B97FAD4000D7C9E /* PBXTargetDependency */,
			);
			name = WebViewTestUITests;
			productName = WebViewTestUITests;
			productReference = AAE4FCE12B97FAD4000D7C9E /* WebViewTestUITests.xctest */;
			productType = "com.apple.product-type.bundle.ui-testing";
		};
/* End PBXNativeTarget section */

/* Begin PBXProject section */
		AAE4FCBF2B97FACE000D7C9E /* Project object */ = {
			isa = PBXProject;
			attributes = {
				BuildIndependentTargetsInParallel = 1;
				LastSwiftUpdateCheck = 1520;
				LastUpgradeCheck = 1520;
				TargetAttributes = {
					AAE4FCC62B97FACE000D7C9E = {
						CreatedOnToolsVersion = 15.2;
					};
					AAE4FCD62B97FAD4000D7C9E = {
						CreatedOnToolsVersion = 15.2;
						TestTargetID = AAE4FCC62B97FACE000D7C9E;
					};
					AAE4FCE02B97FAD4000D7C9E = {
						CreatedOnToolsVersion = 15.2;
						TestTargetID = AAE4FCC62B97FACE000D7C9E;
					};
				};
			};
			buildConfigurationList = AAE4FCC22B97FACE000D7C9E /* Build configuration list for PBXProject "WebViewTest" */;
			compatibilityVersion = "Xcode 14.0";
			developmentRegion = en;
			hasScannedForEncodings = 0;
			knownRegions = (
				en,
				Base,
			);
			mainGroup = AAE4FCBE2B97FACE000D7C9E;
			productRefGroup = AAE4FCC82B97FACE000D7C9E /* Products */;
			projectDirPath = "";
			projectRoot = "";
			targets = (
				AAE4FCC62B97FACE000D7C9E /* WebViewTest */,
				AAE4FCD62B97FAD4000D7C9E /* WebViewTestTests */,
				AAE4FCE02B97FAD4000D7C9E /* WebViewTestUITests */,
			);
		};
/* End PBXProject section */

/* Begin PBXResourcesBuildPhase section */
		AAE4FCC52B97FACE000D7C9E /* Resources */ = {
			isa = PBXResourcesBuildPhase;
			buildActionMask = 2147483647;
			files = (
				AAE4FCD22B97FAD2000D7C9E /* Preview Assets.xcassets in Resources */,
				AAE4FCCF2B97FAD2000D7C9E /* Assets.xcassets in Resources */,
			);
			runOnlyForDeploymentPostprocessing = 0;
		};
		AAE4FCD52B97FAD4000D7C9E /* Resources */ = {
			isa = PBXResourcesBuildPhase;
			buildActionMask = 2147483647;
			files = (
			);
			runOnlyForDeploymentPostprocessing = 0;
		};
		AAE4FCDF2B97FAD4000D7C9E /* Resources */ = {
			isa = PBXResourcesBuildPhase;
			buildActionMask = 2147483647;
			files = (
			);
			runOnlyForDeploymentPostprocessing = 0;
		};
/* End PBXResourcesBuildPhase section */

/* Begin PBXSourcesBuildPhase section */
		AAE4FCC32B97FACE000D7C9E /* Sources */ = {
			isa = PBXSourcesBuildPhase;
			buildActionMask = 2147483647;
			files = (
				AAE4FCF92B9816A1000D7C9E /* WebView.swift in Sources */,
				AAE4FCCD2B97FACE000D7C9E /* ContentView.swift in Sources */,
				AAE4FCCB2B97FACE000D7C9E /* WebViewTestApp.swift in Sources */,
			);
			runOnlyForDeploymentPostprocessing = 0;
		};
		AAE4FCD32B97FAD4000D7C9E /* Sources */ = {
			isa = PBXSourcesBuildPhase;
			buildActionMask = 2147483647;
			files = (
				AAE4FCDC2B97FAD4000D7C9E /* WebViewTestTests.swift in Sources */,
			);
			runOnlyForDeploymentPostprocessing = 0;
		};
		AAE4FCDD2B97FAD4000D7C9E /* Sources */ = {
			isa = PBXSourcesBuildPhase;
			buildActionMask = 2147483647;
			files = (
				AAE4FCE82B97FAD4000D7C9E /* WebViewTestUITestsLaunchTests.swift in Sources */,
				AAE4FCE62B97FAD4000D7C9E /* WebViewTestUITests.swift in Sources */,
			);
			runOnlyForDeploymentPostprocessing = 0;
		};
/* End PBXSourcesBuildPhase section */

/* Begin PBXTargetDependency section */
		AAE4FCD92B97FAD4000D7C9E /* PBXTargetDependency */ = {
			isa = PBXTargetDependency;
			target = AAE4FCC62B97FACE000D7C9E /* WebViewTest */;
			targetProxy = AAE4FCD82B97FAD4000D7C9E /* PBXContainerItemProxy */;
		};
		AAE4FCE32B97FAD4000D7C9E /* PBXTargetDependency */ = {
			isa = PBXTargetDependency;
			target = AAE4FCC62B97FACE000D7C9E /* WebViewTest */;
			targetProxy = AAE4FCE22B97FAD4000D7C9E /* PBXContainerItemProxy */;
		};
/* End PBXTargetDependency section */

/* Begin XCBuildConfiguration section */
		AAE4FCE92B97FAD4000D7C9E /* Debug */ = {
			isa = XCBuildConfiguration;
			buildSettings = {
				ALWAYS_SEARCH_USER_PATHS = NO;
				ASSETCATALOG_COMPILER_GENERATE_SWIFT_ASSET_SYMBOL_EXTENSIONS = YES;
				CLANG_ANALYZER_NONNULL = YES;
				CLANG_ANALYZER_NUMBER_OBJECT_CONVERSION = YES_AGGRESSIVE;
				CLANG_CXX_LANGUAGE_STANDARD = "gnu++20";
				CLANG_ENABLE_MODULES = YES;
				CLANG_ENABLE_OBJC_ARC = YES;
				CLANG_ENABLE_OBJC_WEAK = YES;
				CLANG_WARN_BLOCK_CAPTURE_AUTORELEASING = YES;
				CLANG_WARN_BOOL_CONVERSION = YES;
				CLANG_WARN_COMMA = YES;
				CLANG_WARN_CONSTANT_CONVERSION = YES;
				CLANG_WARN_DEPRECATED_OBJC_IMPLEMENTATIONS = YES;
				CLANG_WARN_DIRECT_OBJC_ISA_USAGE = YES_ERROR;
				CLANG_WARN_DOCUMENTATION_COMMENTS = YES;
				CLANG_WARN_EMPTY_BODY = YES;
				CLANG_WARN_ENUM_CONVERSION = YES;
				CLANG_WARN_INFINITE_RECURSION = YES;
				CLANG_WARN_INT_CONVERSION = YES;
				CLANG_WARN_NON_LITERAL_NULL_CONVERSION = YES;
				CLANG_WARN_OBJC_IMPLICIT_RETAIN_SELF = YES;
				CLANG_WARN_OBJC_LITERAL_CONVERSION = YES;
				CLANG_WARN_OBJC_ROOT_CLASS = YES_ERROR;
				CLANG_WARN_QUOTED_INCLUDE_IN_FRAMEWORK_HEADER = YES;
				CLANG_WARN_RANGE_LOOP_ANALYSIS = YES;
				CLANG_WARN_STRICT_PROTOTYPES = YES;
				CLANG_WARN_SUSPICIOUS_MOVE = YES;
				CLANG_WARN_UNGUARDED_AVAILABILITY = YES_AGGRESSIVE;
				CLANG_WARN_UNREACHABLE_CODE = YES;
				CLANG_WARN__DUPLICATE_METHOD_MATCH = YES;
				COPY_PHASE_STRIP = NO;
				DEBUG_INFORMATION_FORMAT = dwarf;
				ENABLE_STRICT_OBJC_MSGSEND = YES;
				ENABLE_TESTABILITY = YES;
				ENABLE_USER_SCRIPT_SANDBOXING = YES;
				GCC_C_LANGUAGE_STANDARD = gnu17;
				GCC_DYNAMIC_NO_PIC = NO;
				GCC_NO_COMMON_BLOCKS = YES;
				GCC_OPTIMIZATION_LEVEL = 0;
				GCC_PREPROCESSOR_DEFINITIONS = (
					"DEBUG=1",
					"$(inherited)",
				);
				GCC_WARN_64_TO_32_BIT_CONVERSION = YES;
				GCC_WARN_ABOUT_RETURN_TYPE = YES_ERROR;
				GCC_WARN_UNDECLARED_SELECTOR = YES;
				GCC_WARN_UNINITIALIZED_AUTOS = YES_AGGRESSIVE;
				GCC_WARN_UNUSED_FUNCTION = YES;
				GCC_WARN_UNUSED_VARIABLE = YES;
				IPHONEOS_DEPLOYMENT_TARGET = 17.2;
				LOCALIZATION_PREFERS_STRING_CATALOGS = YES;
				MTL_ENABLE_DEBUG_INFO = INCLUDE_SOURCE;
				MTL_FAST_MATH = YES;
				ONLY_ACTIVE_ARCH = YES;
				SDKROOT = iphoneos;
				SWIFT_ACTIVE_COMPILATION_CONDITIONS = "DEBUG $(inherited)";
				SWIFT_OPTIMIZATION_LEVEL = "-Onone";
			};
			name = Debug;
		};
		AAE4FCEA2B97FAD4000D7C9E /* Release */ = {
			isa = XCBuildConfiguration;
			buildSettings = {
				ALWAYS_SEARCH_USER_PATHS = NO;
				ASSETCATALOG_COMPILER_GENERATE_SWIFT_ASSET_SYMBOL_EXTENSIONS = YES;
				CLANG_ANALYZER_NONNULL = YES;
				CLANG_ANALYZER_NUMBER_OBJECT_CONVERSION = YES_AGGRESSIVE;
				CLANG_CXX_LANGUAGE_STANDARD = "gnu++20";
				CLANG_ENABLE_MODULES = YES;
				CLANG_ENABLE_OBJC_ARC = YES;
				CLANG_ENABLE_OBJC_WEAK = YES;
				CLANG_WARN_BLOCK_CAPTURE_AUTORELEASING = YES;
				CLANG_WARN_BOOL_CONVERSION = YES;
				CLANG_WARN_COMMA = YES;
				CLANG_WARN_CONSTANT_CONVERSION = YES;
				CLANG_WARN_DEPRECATED_OBJC_IMPLEMENTATIONS = YES;
				CLANG_WARN_DIRECT_OBJC_ISA_USAGE = YES_ERROR;
				CLANG_WARN_DOCUMENTATION_COMMENTS = YES;
				CLANG_WARN_EMPTY_BODY = YES;
				CLANG_WARN_ENUM_CONVERSION = YES;
				CLANG_WARN_INFINITE_RECURSION = YES;
				CLANG_WARN_INT_CONVERSION = YES;
				CLANG_WARN_NON_LITERAL_NULL_CONVERSION = YES;
				CLANG_WARN_OBJC_IMPLICIT_RETAIN_SELF = YES;
				CLANG_WARN_OBJC_LITERAL_CONVERSION = YES;
				CLANG_WARN_OBJC_ROOT_CLASS = YES_ERROR;
				CLANG_WARN_QUOTED_INCLUDE_IN_FRAMEWORK_HEADER = YES;
				CLANG_WARN_RANGE_LOOP_ANALYSIS = YES;
				CLANG_WARN_STRICT_PROTOTYPES = YES;
				CLANG_WARN_SUSPICIOUS_MOVE = YES;
				CLANG_WARN_UNGUARDED_AVAILABILITY = YES_AGGRESSIVE;
				CLANG_WARN_UNREACHABLE_CODE = YES;
				CLANG_WARN__DUPLICATE_METHOD_MATCH = YES;
				COPY_PHASE_STRIP = NO;
				DEBUG_INFORMATION_FORMAT = "dwarf-with-dsym";
				ENABLE_NS_ASSERTIONS = NO;
				ENABLE_STRICT_OBJC_MSGSEND = YES;
				ENABLE_USER_SCRIPT_SANDBOXING = YES;
				GCC_C_LANGUAGE_STANDARD = gnu17;
				GCC_NO_COMMON_BLOCKS = YES;
				GCC_WARN_64_TO_32_BIT_CONVERSION = YES;
				GCC_WARN_ABOUT_RETURN_TYPE = YES_ERROR;
				GCC_WARN_UNDECLARED_SELECTOR = YES;
				GCC_WARN_UNINITIALIZED_AUTOS = YES_AGGRESSIVE;
				GCC_WARN_UNUSED_FUNCTION = YES;
				GCC_WARN_UNUSED_VARIABLE = YES;
				IPHONEOS_DEPLOYMENT_TARGET = 17.2;
				LOCALIZATION_PREFERS_STRING_CATALOGS = YES;
				MTL_ENABLE_DEBUG_INFO = NO;
				MTL_FAST_MATH = YES;
				SDKROOT = iphoneos;
				SWIFT_COMPILATION_MODE = wholemodule;
				VALIDATE_PRODUCT = YES;
			};
			name = Release;
		};
		AAE4FCEC2B97FAD4000D7C9E /* Debug */ = {
			isa = XCBuildConfiguration;
			buildSettings = {
				ASSETCATALOG_COMPILER_APPICON_NAME = AppIcon;
				ASSETCATALOG_COMPILER_GLOBAL_ACCENT_COLOR_NAME = AccentColor;
				CODE_SIGN_STYLE = Automatic;
				CURRENT_PROJECT_VERSION = 1;
				DEVELOPMENT_ASSET_PATHS = "\"WebViewTest/Preview Content\"";
				ENABLE_PREVIEWS = YES;
				GENERATE_INFOPLIST_FILE = YES;
				INFOPLIST_FILE = WebViewTest/Info.plist;
				INFOPLIST_KEY_UIApplicationSceneManifest_Generation = YES;
				INFOPLIST_KEY_UIApplicationSupportsIndirectInputEvents = YES;
				INFOPLIST_KEY_UILaunchScreen_Generation = YES;
				INFOPLIST_KEY_UISupportedInterfaceOrientations_iPad = "UIInterfaceOrientationPortrait UIInterfaceOrientationPortraitUpsideDown UIInterfaceOrientationLandscapeLeft UIInterfaceOrientationLandscapeRight";
				INFOPLIST_KEY_UISupportedInterfaceOrientations_iPhone = "UIInterfaceOrientationPortrait UIInterfaceOrientationLandscapeLeft UIInterfaceOrientationLandscapeRight";
				LD_RUNPATH_SEARCH_PATHS = (
					"$(inherited)",
					"@executable_path/Frameworks",
				);
				MARKETING_VERSION = 1.0;
				PRODUCT_BUNDLE_IDENTIFIER = "Change here";
				PRODUCT_NAME = "$(TARGET_NAME)";
				SWIFT_EMIT_LOC_STRINGS = YES;
				SWIFT_VERSION = 5.0;
				TARGETED_DEVICE_FAMILY = "1,2";
			};
			name = Debug;
		};
		AAE4FCED2B97FAD4000D7C9E /* Release */ = {
			isa = XCBuildConfiguration;
			buildSettings = {
				ASSETCATALOG_COMPILER_APPICON_NAME = AppIcon;
				ASSETCATALOG_COMPILER_GLOBAL_ACCENT_COLOR_NAME = AccentColor;
				CODE_SIGN_STYLE = Automatic;
				CURRENT_PROJECT_VERSION = 1;
				DEVELOPMENT_ASSET_PATHS = "\"WebViewTest/Preview Content\"";
				ENABLE_PREVIEWS = YES;
				GENERATE_INFOPLIST_FILE = YES;
				INFOPLIST_FILE = WebViewTest/Info.plist;
				INFOPLIST_KEY_UIApplicationSceneManifest_Generation = YES;
				INFOPLIST_KEY_UIApplicationSupportsIndirectInputEvents = YES;
				INFOPLIST_KEY_UILaunchScreen_Generation = YES;
				INFOPLIST_KEY_UISupportedInterfaceOrientations_iPad = "UIInterfaceOrientationPortrait UIInterfaceOrientationPortraitUpsideDown UIInterfaceOrientationLandscapeLeft UIInterfaceOrientationLandscapeRight";
				INFOPLIST_KEY_UISupportedInterfaceOrientations_iPhone = "UIInterfaceOrientationPortrait UIInterfaceOrientationLandscapeLeft UIInterfaceOrientationLandscapeRight";
				LD_RUNPATH_SEARCH_PATHS = (
					"$(inherited)",
					"@executable_path/Frameworks",
				);
				MARKETING_VERSION = 1.0;
				PRODUCT_BUNDLE_IDENTIFIER = "Change here";
				PRODUCT_NAME = "$(TARGET_NAME)";
				SWIFT_EMIT_LOC_STRINGS = YES;
				SWIFT_VERSION = 5.0;
				TARGETED_DEVICE_FAMILY = "1,2";
			};
			name = Release;
		};
		AAE4FCEF2B97FAD4000D7C9E /* Debug */ = {
			isa = XCBuildConfiguration;
			buildSettings = {
				ALWAYS_EMBED_SWIFT_STANDARD_LIBRARIES = YES;
				BUNDLE_LOADER = "$(TEST_HOST)";
				CODE_SIGN_STYLE = Automatic;
				CURRENT_PROJECT_VERSION = 1;
				GENERATE_INFOPLIST_FILE = YES;
				IPHONEOS_DEPLOYMENT_TARGET = 17.2;
				MARKETING_VERSION = 1.0;
				PRODUCT_BUNDLE_IDENTIFIER = "Change here";
				PRODUCT_NAME = "$(TARGET_NAME)";
				SWIFT_EMIT_LOC_STRINGS = NO;
				SWIFT_VERSION = 5.0;
				TARGETED_DEVICE_FAMILY = "1,2";
				TEST_HOST = "$(BUILT_PRODUCTS_DIR)/WebViewTest.app/$(BUNDLE_EXECUTABLE_FOLDER_PATH)/WebViewTest";
			};
			name = Debug;
		};
		AAE4FCF02B97FAD4000D7C9E /* Release */ = {
			isa = XCBuildConfiguration;
			buildSettings = {
				ALWAYS_EMBED_SWIFT_STANDARD_LIBRARIES = YES;
				BUNDLE_LOADER = "$(TEST_HOST)";
				CODE_SIGN_STYLE = Automatic;
				CURRENT_PROJECT_VERSION = 1;
				GENERATE_INFOPLIST_FILE = YES;
				IPHONEOS_DEPLOYMENT_TARGET = 17.2;
				MARKETING_VERSION = 1.0;
				PRODUCT_BUNDLE_IDENTIFIER = "Change here";
				PRODUCT_NAME = "$(TARGET_NAME)";
				SWIFT_EMIT_LOC_STRINGS = NO;
				SWIFT_VERSION = 5.0;
				TARGETED_DEVICE_FAMILY = "1,2";
				TEST_HOST = "$(BUILT_PRODUCTS_DIR)/WebViewTest.app/$(BUNDLE_EXECUTABLE_FOLDER_PATH)/WebViewTest";
			};
			name = Release;
		};
		AAE4FCF22B97FAD4000D7C9E /* Debug */ = {
			isa = XCBuildConfiguration;
			buildSettings = {
				ALWAYS_EMBED_SWIFT_STANDARD_LIBRARIES = YES;
				CODE_SIGN_STYLE = Automatic;
				CURRENT_PROJECT_VERSION = 1;
				GENERATE_INFOPLIST_FILE = YES;
				MARKETING_VERSION = 1.0;
				PRODUCT_BUNDLE_IDENTIFIER = "Change here";
				PRODUCT_NAME = "$(TARGET_NAME)";
				SWIFT_EMIT_LOC_STRINGS = NO;
				SWIFT_VERSION = 5.0;
				TARGETED_DEVICE_FAMILY = "1,2";
				TEST_TARGET_NAME = WebViewTest;
			};
			name = Debug;
		};
		AAE4FCF32B97FAD4000D7C9E /* Release */ = {
			isa = XCBuildConfiguration;
			buildSettings = {
				ALWAYS_EMBED_SWIFT_STANDARD_LIBRARIES = YES;
				CODE_SIGN_STYLE = Automatic;
				CURRENT_PROJECT_VERSION = 1;
				GENERATE_INFOPLIST_FILE = YES;
				MARKETING_VERSION = 1.0;
				PRODUCT_BUNDLE_IDENTIFIER = "Change here";
				PRODUCT_NAME = "$(TARGET_NAME)";
				SWIFT_EMIT_LOC_STRINGS = NO;
				SWIFT_VERSION = 5.0;
				TARGETED_DEVICE_FAMILY = "1,2";
				TEST_TARGET_NAME = WebViewTest;
			};
			name = Release;
		};
/* End XCBuildConfiguration section */

/* Begin XCConfigurationList section */
		AAE4FCC22B97FACE000D7C9E /* Build configuration list for PBXProject "WebViewTest" */ = {
			isa = XCConfigurationList;
			buildConfigurations = (
				AAE4FCE92B97FAD4000D7C9E /* Debug */,
				AAE4FCEA2B97FAD4000D7C9E /* Release */,
			);
			defaultConfigurationIsVisible = 0;
			defaultConfigurationName = Release;
		};
		AAE4FCEB2B97FAD4000D7C9E /* Build configuration list for PBXNativeTarget "WebViewTest" */ = {
			isa = XCConfigurationList;
			buildConfigurations = (
				AAE4FCEC2B97FAD4000D7C9E /* Debug */,
				AAE4FCED2B97FAD4000D7C9E /* Release */,
			);
			defaultConfigurationIsVisible = 0;
			defaultConfigurationName = Release;
		};
		AAE4FCEE2B97FAD4000D7C9E /* Build configuration list for PBXNativeTarget "WebViewTestTests" */ = {
			isa = XCConfigurationList;
			buildConfigurations = (
				AAE4FCEF2B97FAD4000D7C9E /* Debug */,
				AAE4FCF02B97FAD4000D7C9E /* Release */,
			);
			defaultConfigurationIsVisible = 0;
			defaultConfigurationName = Release;
		};
		AAE4FCF12B97FAD4000D7C9E /* Build configuration list for PBXNativeTarget "WebViewTestUITests" */ = {
			isa = XCConfigurationList;
			buildConfigurations = (
				AAE4FCF22B97FAD4000D7C9E /* Debug */,
				AAE4FCF32B97FAD4000D7C9E /* Release */,
			);
			defaultConfigurationIsVisible = 0;
			defaultConfigurationName = Release;
		};
/* End XCConfigurationList section */
	};
	rootObject = AAE4FCBF2B97FACE000D7C9E /* Project object */;
}
